
Microsoft Visual Studio Solution File, Format Version 12.00
# Visual Studio Version 16
VisualStudioVersion = 16.0.31911.196
MinimumVisualStudioVersion = 10.0.40219.1
Project("{9A19103F-16F7-4668-BE54-9A1E7A4F7556}") = "capaNegocio", "capaNegocio\capaNegocio.csproj", "{B582A5F6-907E-4A0F-8D32-9AB57EA81F51}"
EndProject
Project("{FAE04EC0-301F-11D3-BF4B-00C04F79EFBC}") = "capaBD", "capaBD\capaBD.csproj", "{2006870A-814D-4B64-B1CD-2DCD22FB7790}"
EndProject
Project("{FAE04EC0-301F-11D3-BF4B-00C04F79EFBC}") = "Interfaz", "Interfaz\Interfaz.csproj", "{9C48E791-D97F-4EBF-9D1D-A71639C1A524}"
EndProject
Global
	GlobalSection(SolutionConfigurationPlatforms) = preSolution
		Debug|Any CPU = Debug|Any CPU
		Release|Any CPU = Release|Any CPU
	EndGlobalSection
	GlobalSection(ProjectConfigurationPlatforms) = postSolution
		{B582A5F6-907E-4A0F-8D32-9AB57EA81F51}.Debug|Any CPU.ActiveCfg = Debug|Any CPU
		{B582A5F6-907E-4A0F-8D32-9AB57EA81F51}.Debug|Any CPU.Build.0 = Debug|Any CPU
		{B582A5F6-907E-4A0F-8D32-9AB57EA81F51}.Release|Any CPU.ActiveCfg = Release|Any CPU
		{B582A5F6-907E-4A0F-8D32-9AB57EA81F51}.Release|Any CPU.Build.0 = Release|Any CPU
		{2006870A-814D-4B64-B1CD-2DCD22FB7790}.Debug|Any CPU.ActiveCfg = Debug|Any CPU
		{2006870A-814D-4B64-B1CD-2DCD22FB7790}.Debug|Any CPU.Build.0 = Debug|Any CPU
		{2006870A-814D-4B64-B1CD-2DCD22FB7790}.Release|Any CPU.ActiveCfg = Release|Any CPU
		{2006870A-814D-4B64-B1CD-2DCD22FB7790}.Release|Any CPU.Build.0 = Release|Any CPU
		{9C48E791-D97F-4EBF-9D1D-A71639C1A524}.Debug|Any CPU.ActiveCfg = Debug|Any CPU
		{9C48E791-D97F-4EBF-9D1D-A71639C1A524}.Debug|Any CPU.Build.0 = Debug|Any CPU
		{9C48E791-D97F-4EBF-9D1D-A71639C1A524}.Release|Any CPU.ActiveCfg = Release|Any CPU
		{9C48E791-D97F-4EBF-9D1D-A71639C1A524}.Release|Any CPU.Build.0 = Release|Any CPU
	EndGlobalSection
	GlobalSection(SolutionProperties) = preSolution
		HideSolutionNode = FALSE
	EndGlobalSection
	GlobalSection(ExtensibilityGlobals) = postSolution
		SolutionGuid = {B4EEB6BD-F625-4908-B938-1D69B00EDE58}
	EndGlobalSection
EndGlobal
